// !$*UTF8*$!
{
	archiveVersion = 1;
	classes = {
	};
	objectVersion = 51;
	objects = {

/* Begin PBXBuildFile section */
		1A125F61150915450E7F7059 /* Pods_DesignableWithPods.framework in Frameworks */ = {isa = PBXBuildFile; fileRef = 520FEE3D0BE5A22A82EDB762 /* Pods_DesignableWithPods.framework */; };
		6A14C116232389B000852298 /* CustomView.swift in Sources */ = {isa = PBXBuildFile; fileRef = 6A59DA76232382BE001FFBB7 /* CustomView.swift */; };
		6A59DA6D2323828A001FFBB7 /* UIComponents.h in Headers */ = {isa = PBXBuildFile; fileRef = 6A59DA6B2323828A001FFBB7 /* UIComponents.h */; settings = {ATTRIBUTES = (Public, ); }; };
		6A59DA702323828A001FFBB7 /* UIComponents.framework in Frameworks */ = {isa = PBXBuildFile; fileRef = 6A59DA692323828A001FFBB7 /* UIComponents.framework */; };
		6A59DA712323828A001FFBB7 /* UIComponents.framework in Embed Frameworks */ = {isa = PBXBuildFile; fileRef = 6A59DA692323828A001FFBB7 /* UIComponents.framework */; settings = {ATTRIBUTES = (CodeSignOnCopy, RemoveHeadersOnCopy, ); }; };
		6A658B772323812C008A2ADB /* AppDelegate.swift in Sources */ = {isa = PBXBuildFile; fileRef = 6A658B762323812C008A2ADB /* AppDelegate.swift */; };
		6A658B792323812C008A2ADB /* ViewController.swift in Sources */ = {isa = PBXBuildFile; fileRef = 6A658B782323812C008A2ADB /* ViewController.swift */; };
		6A658B7C2323812C008A2ADB /* Main.storyboard in Resources */ = {isa = PBXBuildFile; fileRef = 6A658B7A2323812C008A2ADB /* Main.storyboard */; };
		6A658B7E2323812E008A2ADB /* Assets.xcassets in Resources */ = {isa = PBXBuildFile; fileRef = 6A658B7D2323812E008A2ADB /* Assets.xcassets */; };
		6A658B812323812E008A2ADB /* LaunchScreen.storyboard in Resources */ = {isa = PBXBuildFile; fileRef = 6A658B7F2323812E008A2ADB /* LaunchScreen.storyboard */; };
		6A9C55644C6C5C6BEBC58CFF /* Pods_UIComponents.framework in Frameworks */ = {isa = PBXBuildFile; fileRef = 9C958D707635A624E35A7357 /* Pods_UIComponents.framework */; };
/* End PBXBuildFile section */

/* Begin PBXContainerItemProxy section */
		6A59DA6E2323828A001FFBB7 /* PBXContainerItemProxy */ = {
			isa = PBXContainerItemProxy;
			containerPortal = 6A658B6B2323812C008A2ADB /* Project object */;
			proxyType = 1;
			remoteGlobalIDString = 6A59DA682323828A001FFBB7;
			remoteInfo = UIComponents;
		};
/* End PBXContainerItemProxy section */

/* Begin PBXCopyFilesBuildPhase section */
		6A59DA752323828A001FFBB7 /* Embed Frameworks */ = {
			isa = PBXCopyFilesBuildPhase;
			buildActionMask = 2147483647;
			dstPath = "";
			dstSubfolderSpec = 10;
			files = (
				6A59DA712323828A001FFBB7 /* UIComponents.framework in Embed Frameworks */,
			);
			name = "Embed Frameworks";
			runOnlyForDeploymentPostprocessing = 0;
		};
/* End PBXCopyFilesBuildPhase section */

/* Begin PBXFileReference section */
		049ED56ED78ABE6B5116545A /* Pods-Abstracts-UIComponents.debug.xcconfig */ = {isa = PBXFileReference; includeInIndex = 1; lastKnownFileType = text.xcconfig; name = "Pods-Abstracts-UIComponents.debug.xcconfig"; path = "Target Support Files/Pods-Abstracts-UIComponents/Pods-Abstracts-UIComponents.debug.xcconfig"; sourceTree = "<group>"; };
		49F10D8C65703168684E3CFF /* Pods-DesignableWithPods.debug.xcconfig */ = {isa = PBXFileReference; includeInIndex = 1; lastKnownFileType = text.xcconfig; name = "Pods-DesignableWithPods.debug.xcconfig"; path = "Target Support Files/Pods-DesignableWithPods/Pods-DesignableWithPods.debug.xcconfig"; sourceTree = "<group>"; };
		520FEE3D0BE5A22A82EDB762 /* Pods_DesignableWithPods.framework */ = {isa = PBXFileReference; explicitFileType = wrapper.framework; includeInIndex = 0; path = Pods_DesignableWithPods.framework; sourceTree = BUILT_PRODUCTS_DIR; };
		6A59DA692323828A001FFBB7 /* UIComponents.framework */ = {isa = PBXFileReference; explicitFileType = wrapper.framework; includeInIndex = 0; path = UIComponents.framework; sourceTree = BUILT_PRODUCTS_DIR; };
		6A59DA6B2323828A001FFBB7 /* UIComponents.h */ = {isa = PBXFileReference; lastKnownFileType = sourcecode.c.h; path = UIComponents.h; sourceTree = "<group>"; };
		6A59DA6C2323828A001FFBB7 /* Info.plist */ = {isa = PBXFileReference; lastKnownFileType = text.plist.xml; path = Info.plist; sourceTree = "<group>"; };
		6A59DA76232382BE001FFBB7 /* CustomView.swift */ = {isa = PBXFileReference; fileEncoding = 4; lastKnownFileType = sourcecode.swift; path = CustomView.swift; sourceTree = "<group>"; };
		6A658B732323812C008A2ADB /* DesignableWithPods.app */ = {isa = PBXFileReference; explicitFileType = wrapper.application; includeInIndex = 0; path = DesignableWithPods.app; sourceTree = BUILT_PRODUCTS_DIR; };
		6A658B762323812C008A2ADB /* AppDelegate.swift */ = {isa = PBXFileReference; lastKnownFileType = sourcecode.swift; path = AppDelegate.swift; sourceTree = "<group>"; };
		6A658B782323812C008A2ADB /* ViewController.swift */ = {isa = PBXFileReference; lastKnownFileType = sourcecode.swift; path = ViewController.swift; sourceTree = "<group>"; };
		6A658B7B2323812C008A2ADB /* Base */ = {isa = PBXFileReference; lastKnownFileType = file.storyboard; name = Base; path = Base.lproj/Main.storyboard; sourceTree = "<group>"; };
		6A658B7D2323812E008A2ADB /* Assets.xcassets */ = {isa = PBXFileReference; lastKnownFileType = folder.assetcatalog; path = Assets.xcassets; sourceTree = "<group>"; };
		6A658B802323812E008A2ADB /* Base */ = {isa = PBXFileReference; lastKnownFileType = file.storyboard; name = Base; path = Base.lproj/LaunchScreen.storyboard; sourceTree = "<group>"; };
		6A658B822323812E008A2ADB /* Info.plist */ = {isa = PBXFileReference; lastKnownFileType = text.plist.xml; path = Info.plist; sourceTree = "<group>"; };
		9C958D707635A624E35A7357 /* Pods_UIComponents.framework */ = {isa = PBXFileReference; explicitFileType = wrapper.framework; includeInIndex = 0; path = Pods_UIComponents.framework; sourceTree = BUILT_PRODUCTS_DIR; };
		BE6838C8201F90527BADC3A0 /* Pods-Abstracts-DesignableWithPods.debug.xcconfig */ = {isa = PBXFileReference; includeInIndex = 1; lastKnownFileType = text.xcconfig; name = "Pods-Abstracts-DesignableWithPods.debug.xcconfig"; path = "Target Support Files/Pods-Abstracts-DesignableWithPods/Pods-Abstracts-DesignableWithPods.debug.xcconfig"; sourceTree = "<group>"; };
		C4605A2DF68E0F58FA17D318 /* Pods-UIComponents.debug.xcconfig */ = {isa = PBXFileReference; includeInIndex = 1; lastKnownFileType = text.xcconfig; name = "Pods-UIComponents.debug.xcconfig"; path = "Target Support Files/Pods-UIComponents/Pods-UIComponents.debug.xcconfig"; sourceTree = "<group>"; };
		C67D4DA0F36ADBF3DB2E52AF /* Pods-Abstracts-UIComponents.release.xcconfig */ = {isa = PBXFileReference; includeInIndex = 1; lastKnownFileType = text.xcconfig; name = "Pods-Abstracts-UIComponents.release.xcconfig"; path = "Target Support Files/Pods-Abstracts-UIComponents/Pods-Abstracts-UIComponents.release.xcconfig"; sourceTree = "<group>"; };
		E995FC072BEF1E9C44FF5831 /* Pods-DesignableWithPods.release.xcconfig */ = {isa = PBXFileReference; includeInIndex = 1; lastKnownFileType = text.xcconfig; name = "Pods-DesignableWithPods.release.xcconfig"; path = "Target Support Files/Pods-DesignableWithPods/Pods-DesignableWithPods.release.xcconfig"; sourceTree = "<group>"; };
		F067312B7406911BE47AFDBC /* Pods-Abstracts-DesignableWithPods.release.xcconfig */ = {isa = PBXFileReference; includeInIndex = 1; lastKnownFileType = text.xcconfig; name = "Pods-Abstracts-DesignableWithPods.release.xcconfig"; path = "Target Support Files/Pods-Abstracts-DesignableWithPods/Pods-Abstracts-DesignableWithPods.release.xcconfig"; sourceTree = "<group>"; };
		FD75BB7FDFFA05E97D5698DF /* Pods-UIComponents.release.xcconfig */ = {isa = PBXFileReference; includeInIndex = 1; lastKnownFileType = text.xcconfig; name = "Pods-UIComponents.release.xcconfig"; path = "Target Support Files/Pods-UIComponents/Pods-UIComponents.release.xcconfig"; sourceTree = "<group>"; };
/* End PBXFileReference section */

/* Begin PBXFrameworksBuildPhase section */
		6A59DA662323828A001FFBB7 /* Frameworks */ = {
			isa = PBXFrameworksBuildPhase;
			buildActionMask = 2147483647;
			files = (
				6A9C55644C6C5C6BEBC58CFF /* Pods_UIComponents.framework in Frameworks */,
			);
			runOnlyForDeploymentPostprocessing = 0;
		};
		6A658B702323812C008A2ADB /* Frameworks */ = {
			isa = PBXFrameworksBuildPhase;
			buildActionMask = 2147483647;
			files = (
				6A59DA702323828A001FFBB7 /* UIComponents.framework in Frameworks */,
				1A125F61150915450E7F7059 /* Pods_DesignableWithPods.framework in Frameworks */,
			);
			runOnlyForDeploymentPostprocessing = 0;
		};
/* End PBXFrameworksBuildPhase section */

/* Begin PBXGroup section */
		6A59DA6A2323828A001FFBB7 /* UIComponents */ = {
			isa = PBXGroup;
			children = (
				6A59DA76232382BE001FFBB7 /* CustomView.swift */,
				6A59DA6B2323828A001FFBB7 /* UIComponents.h */,
				6A59DA6C2323828A001FFBB7 /* Info.plist */,
			);
			path = UIComponents;
			sourceTree = "<group>";
		};
		6A658B6A2323812C008A2ADB = {
			isa = PBXGroup;
			children = (
				6A658B752323812C008A2ADB /* DesignableWithPods */,
				6A59DA6A2323828A001FFBB7 /* UIComponents */,
				6A658B742323812C008A2ADB /* Products */,
				6F2E32CF5BF669905C578A34 /* Pods */,
				FD66BAA34473CD31C5C90DF9 /* Frameworks */,
			);
			sourceTree = "<group>";
		};
		6A658B742323812C008A2ADB /* Products */ = {
			isa = PBXGroup;
			children = (
				6A658B732323812C008A2ADB /* DesignableWithPods.app */,
				6A59DA692323828A001FFBB7 /* UIComponents.framework */,
			);
			name = Products;
			sourceTree = "<group>";
		};
		6A658B752323812C008A2ADB /* DesignableWithPods */ = {
			isa = PBXGroup;
			children = (
				6A658B762323812C008A2ADB /* AppDelegate.swift */,
				6A658B782323812C008A2ADB /* ViewController.swift */,
				6A658B7A2323812C008A2ADB /* Main.storyboard */,
				6A658B7D2323812E008A2ADB /* Assets.xcassets */,
				6A658B7F2323812E008A2ADB /* LaunchScreen.storyboard */,
				6A658B822323812E008A2ADB /* Info.plist */,
			);
			path = DesignableWithPods;
			sourceTree = "<group>";
		};
		6F2E32CF5BF669905C578A34 /* Pods */ = {
			isa = PBXGroup;
			children = (
				BE6838C8201F90527BADC3A0 /* Pods-Abstracts-DesignableWithPods.debug.xcconfig */,
				F067312B7406911BE47AFDBC /* Pods-Abstracts-DesignableWithPods.release.xcconfig */,
				049ED56ED78ABE6B5116545A /* Pods-Abstracts-UIComponents.debug.xcconfig */,
				C67D4DA0F36ADBF3DB2E52AF /* Pods-Abstracts-UIComponents.release.xcconfig */,
				49F10D8C65703168684E3CFF /* Pods-DesignableWithPods.debug.xcconfig */,
				E995FC072BEF1E9C44FF5831 /* Pods-DesignableWithPods.release.xcconfig */,
				C4605A2DF68E0F58FA17D318 /* Pods-UIComponents.debug.xcconfig */,
				FD75BB7FDFFA05E97D5698DF /* Pods-UIComponents.release.xcconfig */,
			);
			path = Pods;
			sourceTree = "<group>";
		};
		FD66BAA34473CD31C5C90DF9 /* Frameworks */ = {
			isa = PBXGroup;
			children = (
				520FEE3D0BE5A22A82EDB762 /* Pods_DesignableWithPods.framework */,
				9C958D707635A624E35A7357 /* Pods_UIComponents.framework */,
			);
			name = Frameworks;
			sourceTree = "<group>";
		};
/* End PBXGroup section */

/* Begin PBXHeadersBuildPhase section */
		6A59DA642323828A001FFBB7 /* Headers */ = {
			isa = PBXHeadersBuildPhase;
			buildActionMask = 2147483647;
			files = (
				6A59DA6D2323828A001FFBB7 /* UIComponents.h in Headers */,
			);
			runOnlyForDeploymentPostprocessing = 0;
		};
/* End PBXHeadersBuildPhase section */

/* Begin PBXNativeTarget section */
		6A59DA682323828A001FFBB7 /* UIComponents */ = {
			isa = PBXNativeTarget;
			buildConfigurationList = 6A59DA742323828A001FFBB7 /* Build configuration list for PBXNativeTarget "UIComponents" */;
			buildPhases = (
				3C20559FCE2196613F78EACE /* [CP] Check Pods Manifest.lock */,
				6A59DA642323828A001FFBB7 /* Headers */,
				6A59DA652323828A001FFBB7 /* Sources */,
				6A59DA662323828A001FFBB7 /* Frameworks */,
				6A59DA672323828A001FFBB7 /* Resources */,
			);
			buildRules = (
			);
			dependencies = (
			);
			name = UIComponents;
			productName = UIComponents;
			productReference = 6A59DA692323828A001FFBB7 /* UIComponents.framework */;
			productType = "com.apple.product-type.framework";
		};
		6A658B722323812C008A2ADB /* DesignableWithPods */ = {
			isa = PBXNativeTarget;
			buildConfigurationList = 6A658B852323812E008A2ADB /* Build configuration list for PBXNativeTarget "DesignableWithPods" */;
			buildPhases = (
				39477AEB1FBA4B2B397F4DB5 /* [CP] Check Pods Manifest.lock */,
				6A658B6F2323812C008A2ADB /* Sources */,
				6A658B702323812C008A2ADB /* Frameworks */,
				6A658B712323812C008A2ADB /* Resources */,
				6A59DA752323828A001FFBB7 /* Embed Frameworks */,
			);
			buildRules = (
			);
			dependencies = (
				6A59DA6F2323828A001FFBB7 /* PBXTargetDependency */,
			);
			name = DesignableWithPods;
			productName = DesignableWithPods;
			productReference = 6A658B732323812C008A2ADB /* DesignableWithPods.app */;
			productType = "com.apple.product-type.application";
		};
/* End PBXNativeTarget section */

/* Begin PBXProject section */
		6A658B6B2323812C008A2ADB /* Project object */ = {
			isa = PBXProject;
			attributes = {
				LastSwiftUpdateCheck = 1030;
				LastUpgradeCheck = 1030;
				ORGANIZATIONNAME = mt.hodaka;
				TargetAttributes = {
					6A59DA682323828A001FFBB7 = {
						CreatedOnToolsVersion = 10.3;
						LastSwiftMigration = 1030;
					};
					6A658B722323812C008A2ADB = {
						CreatedOnToolsVersion = 10.3;
					};
				};
			};
			buildConfigurationList = 6A658B6E2323812C008A2ADB /* Build configuration list for PBXProject "DesignableWithPods" */;
			compatibilityVersion = "Xcode 9.3";
			developmentRegion = en;
			hasScannedForEncodings = 0;
			knownRegions = (
				en,
				Base,
			);
			mainGroup = 6A658B6A2323812C008A2ADB;
			productRefGroup = 6A658B742323812C008A2ADB /* Products */;
			projectDirPath = "";
			projectRoot = "";
			targets = (
				6A658B722323812C008A2ADB /* DesignableWithPods */,
				6A59DA682323828A001FFBB7 /* UIComponents */,
			);
		};
/* End PBXProject section */

/* Begin PBXResourcesBuildPhase section */
		6A59DA672323828A001FFBB7 /* Resources */ = {
			isa = PBXResourcesBuildPhase;
			buildActionMask = 2147483647;
			files = (
			);
			runOnlyForDeploymentPostprocessing = 0;
		};
		6A658B712323812C008A2ADB /* Resources */ = {
			isa = PBXResourcesBuildPhase;
			buildActionMask = 2147483647;
			files = (
				6A658B812323812E008A2ADB /* LaunchScreen.storyboard in Resources */,
				6A658B7E2323812E008A2ADB /* Assets.xcassets in Resources */,
				6A658B7C2323812C008A2ADB /* Main.storyboard in Resources */,
			);
			runOnlyForDeploymentPostprocessing = 0;
		};
/* End PBXResourcesBuildPhase section */

/* Begin PBXShellScriptBuildPhase section */
		39477AEB1FBA4B2B397F4DB5 /* [CP] Check Pods Manifest.lock */ = {
			isa = PBXShellScriptBuildPhase;
			buildActionMask = 2147483647;
			files = (
			);
			inputFileListPaths = (
			);
			inputPaths = (
				"${PODS_PODFILE_DIR_PATH}/Podfile.lock",
				"${PODS_ROOT}/Manifest.lock",
			);
			name = "[CP] Check Pods Manifest.lock";
			outputFileListPaths = (
			);
			outputPaths = (
				"$(DERIVED_FILE_DIR)/Pods-DesignableWithPods-checkManifestLockResult.txt",
			);
			runOnlyForDeploymentPostprocessing = 0;
			shellPath = /bin/sh;
			shellScript = "diff \"${PODS_PODFILE_DIR_PATH}/Podfile.lock\" \"${PODS_ROOT}/Manifest.lock\" > /dev/null\nif [ $? != 0 ] ; then\n    # print error to STDERR\n    echo \"error: The sandbox is not in sync with the Podfile.lock. Run 'pod install' or update your CocoaPods installation.\" >&2\n    exit 1\nfi\n# This output is used by Xcode 'outputs' to avoid re-running this script phase.\necho \"SUCCESS\" > \"${SCRIPT_OUTPUT_FILE_0}\"\n";
			showEnvVarsInLog = 0;
		};
		3C20559FCE2196613F78EACE /* [CP] Check Pods Manifest.lock */ = {
			isa = PBXShellScriptBuildPhase;
			buildActionMask = 2147483647;
			files = (
			);
			inputFileListPaths = (
			);
			inputPaths = (
				"${PODS_PODFILE_DIR_PATH}/Podfile.lock",
				"${PODS_ROOT}/Manifest.lock",
			);
			name = "[CP] Check Pods Manifest.lock";
			outputFileListPaths = (
			);
			outputPaths = (
				"$(DERIVED_FILE_DIR)/Pods-UIComponents-checkManifestLockResult.txt",
			);
			runOnlyForDeploymentPostprocessing = 0;
			shellPath = /bin/sh;
			shellScript = "diff \"${PODS_PODFILE_DIR_PATH}/Podfile.lock\" \"${PODS_ROOT}/Manifest.lock\" > /dev/null\nif [ $? != 0 ] ; then\n    # print error to STDERR\n    echo \"error: The sandbox is not in sync with the Podfile.lock. Run 'pod install' or update your CocoaPods installation.\" >&2\n    exit 1\nfi\n# This output is used by Xcode 'outputs' to avoid re-running this script phase.\necho \"SUCCESS\" > \"${SCRIPT_OUTPUT_FILE_0}\"\n";
			showEnvVarsInLog = 0;
		};
/* End PBXShellScriptBuildPhase section */

/* Begin PBXSourcesBuildPhase section */
		6A59DA652323828A001FFBB7 /* Sources */ = {
			isa = PBXSourcesBuildPhase;
			buildActionMask = 2147483647;
			files = (
				6A14C116232389B000852298 /* CustomView.swift in Sources */,
			);
			runOnlyForDeploymentPostprocessing = 0;
		};
		6A658B6F2323812C008A2ADB /* Sources */ = {
			isa = PBXSourcesBuildPhase;
			buildActionMask = 2147483647;
			files = (
				6A658B792323812C008A2ADB /* ViewController.swift in Sources */,
				6A658B772323812C008A2ADB /* AppDelegate.swift in Sources */,
			);
			runOnlyForDeploymentPostprocessing = 0;
		};
/* End PBXSourcesBuildPhase section */

/* Begin PBXTargetDependency section */
		6A59DA6F2323828A001FFBB7 /* PBXTargetDependency */ = {
			isa = PBXTargetDependency;
			target = 6A59DA682323828A001FFBB7 /* UIComponents */;
			targetProxy = 6A59DA6E2323828A001FFBB7 /* PBXContainerItemProxy */;
		};
/* End PBXTargetDependency section */

/* Begin PBXVariantGroup section */
		6A658B7A2323812C008A2ADB /* Main.storyboard */ = {
			isa = PBXVariantGroup;
			children = (
				6A658B7B2323812C008A2ADB /* Base */,
			);
			name = Main.storyboard;
			sourceTree = "<group>";
		};
		6A658B7F2323812E008A2ADB /* LaunchScreen.storyboard */ = {
			isa = PBXVariantGroup;
			children = (
				6A658B802323812E008A2ADB /* Base */,
			);
			name = LaunchScreen.storyboard;
			sourceTree = "<group>";
		};
/* End PBXVariantGroup section */

/* Begin XCBuildConfiguration section */
		6A59DA722323828A001FFBB7 /* Debug */ = {
			isa = XCBuildConfiguration;
			baseConfigurationReference = C4605A2DF68E0F58FA17D318 /* Pods-UIComponents.debug.xcconfig */;
			buildSettings = {
				CLANG_ENABLE_MODULES = YES;
				CODE_SIGN_IDENTITY = "";
				CODE_SIGN_STYLE = Automatic;
				CURRENT_PROJECT_VERSION = 1;
				DEFINES_MODULE = YES;
				DEVELOPMENT_TEAM = 4NV8KK5CH4;
				DYLIB_COMPATIBILITY_VERSION = 1;
				DYLIB_CURRENT_VERSION = 1;
				DYLIB_INSTALL_NAME_BASE = "@rpath";
				INFOPLIST_FILE = UIComponents/Info.plist;
				INSTALL_PATH = "$(LOCAL_LIBRARY_DIR)/Frameworks";
				LD_RUNPATH_SEARCH_PATHS = (
					"$(inherited)",
					"@executable_path/Frameworks",
					"@loader_path/Frameworks",
				);
				PRODUCT_BUNDLE_IDENTIFIER = "com.mt-hodaka.UIComponents";
				PRODUCT_NAME = "$(TARGET_NAME:c99extidentifier)";
				SKIP_INSTALL = YES;
				SWIFT_OPTIMIZATION_LEVEL = "-Onone";
				SWIFT_VERSION = 5.0;
				TARGETED_DEVICE_FAMILY = "1,2";
				VERSIONING_SYSTEM = "apple-generic";
				VERSION_INFO_PREFIX = "";
			};
			name = Debug;
		};
		6A59DA732323828A001FFBB7 /* Release */ = {
			isa = XCBuildConfiguration;
			baseConfigurationReference = FD75BB7FDFFA05E97D5698DF /* Pods-UIComponents.release.xcconfig */;
			buildSettings = {
				CLANG_ENABLE_MODULES = YES;
				CODE_SIGN_IDENTITY = "";
				CODE_SIGN_STYLE = Automatic;
				CURRENT_PROJECT_VERSION = 1;
				DEFINES_MODULE = YES;
				DEVELOPMENT_TEAM = 4NV8KK5CH4;
				DYLIB_COMPATIBILITY_VERSION = 1;
				DYLIB_CURRENT_VERSION = 1;
				DYLIB_INSTALL_NAME_BASE = "@rpath";
				INFOPLIST_FILE = UIComponents/Info.plist;
				INSTALL_PATH = "$(LOCAL_LIBRARY_DIR)/Frameworks";
				LD_RUNPATH_SEARCH_PATHS = (
					"$(inherited)",
					"@executable_path/Frameworks",
					"@loader_path/Frameworks",
				);
				PRODUCT_BUNDLE_IDENTIFIER = "com.mt-hodaka.UIComponents";
				PRODUCT_NAME = "$(TARGET_NAME:c99extidentifier)";
				SKIP_INSTALL = YES;
				SWIFT_VERSION = 5.0;
				TARGETED_DEVICE_FAMILY = "1,2";
				VERSIONING_SYSTEM = "apple-generic";
				VERSION_INFO_PREFIX = "";
			};
			name = Release;
		};
		6A658B832323812E008A2ADB /* Debug */ = {
			isa = XCBuildConfiguration;
			buildSettings = {
				ALWAYS_SEARCH_USER_PATHS = NO;
				CLANG_ANALYZER_NONNULL = YES;
				CLANG_ANALYZER_NUMBER_OBJECT_CONVERSION = YES_AGGRESSIVE;
				CLANG_CXX_LANGUAGE_STANDARD = "gnu++14";
				CLANG_CXX_LIBRARY = "libc++";
				CLANG_ENABLE_MODULES = YES;
				CLANG_ENABLE_OBJC_ARC = YES;
				CLANG_ENABLE_OBJC_WEAK = YES;
				CLANG_WARN_BLOCK_CAPTURE_AUTORELEASING = YES;
				CLANG_WARN_BOOL_CONVERSION = YES;
				CLANG_WARN_COMMA = YES;
				CLANG_WARN_CONSTANT_CONVERSION = YES;
				CLANG_WARN_DEPRECATED_OBJC_IMPLEMENTATIONS = YES;
				CLANG_WARN_DIRECT_OBJC_ISA_USAGE = YES_ERROR;
				CLANG_WARN_DOCUMENTATION_COMMENTS = YES;
				CLANG_WARN_EMPTY_BODY = YES;
				CLANG_WARN_ENUM_CONVERSION = YES;
				CLANG_WARN_INFINITE_RECURSION = YES;
				CLANG_WARN_INT_CONVERSION = YES;
				CLANG_WARN_NON_LITERAL_NULL_CONVERSION = YES;
				CLANG_WARN_OBJC_IMPLICIT_RETAIN_SELF = YES;
				CLANG_WARN_OBJC_LITERAL_CONVERSION = YES;
				CLANG_WARN_OBJC_ROOT_CLASS = YES_ERROR;
				CLANG_WARN_RANGE_LOOP_ANALYSIS = YES;
				CLANG_WARN_STRICT_PROTOTYPES = YES;
				CLANG_WARN_SUSPICIOUS_MOVE = YES;
				CLANG_WARN_UNGUARDED_AVAILABILITY = YES_AGGRESSIVE;
				CLANG_WARN_UNREACHABLE_CODE = YES;
				CLANG_WARN__DUPLICATE_METHOD_MATCH = YES;
				CODE_SIGN_IDENTITY = "iPhone Developer";
				COPY_PHASE_STRIP = NO;
				DEBUG_INFORMATION_FORMAT = dwarf;
				ENABLE_STRICT_OBJC_MSGSEND = YES;
				ENABLE_TESTABILITY = YES;
				GCC_C_LANGUAGE_STANDARD = gnu11;
				GCC_DYNAMIC_NO_PIC = NO;
				GCC_NO_COMMON_BLOCKS = YES;
				GCC_OPTIMIZATION_LEVEL = 0;
				GCC_PREPROCESSOR_DEFINITIONS = (
					"DEBUG=1",
					"$(inherited)",
				);
				GCC_WARN_64_TO_32_BIT_CONVERSION = YES;
				GCC_WARN_ABOUT_RETURN_TYPE = YES_ERROR;
				GCC_WARN_UNDECLARED_SELECTOR = YES;
				GCC_WARN_UNINITIALIZED_AUTOS = YES_AGGRESSIVE;
				GCC_WARN_UNUSED_FUNCTION = YES;
				GCC_WARN_UNUSED_VARIABLE = YES;
				IPHONEOS_DEPLOYMENT_TARGET = 12.4;
				MTL_ENABLE_DEBUG_INFO = INCLUDE_SOURCE;
				MTL_FAST_MATH = YES;
				ONLY_ACTIVE_ARCH = YES;
				SDKROOT = iphoneos;
				SWIFT_ACTIVE_COMPILATION_CONDITIONS = DEBUG;
				SWIFT_OPTIMIZATION_LEVEL = "-Onone";
			};
			name = Debug;
		};
		6A658B842323812E008A2ADB /* Release */ = {
			isa = XCBuildConfiguration;
			buildSettings = {
				ALWAYS_SEARCH_USER_PATHS = NO;
				CLANG_ANALYZER_NONNULL = YES;
				CLANG_ANALYZER_NUMBER_OBJECT_CONVERSION = YES_AGGRESSIVE;
				CLANG_CXX_LANGUAGE_STANDARD = "gnu++14";
				CLANG_CXX_LIBRARY = "libc++";
				CLANG_ENABLE_MODULES = YES;
				CLANG_ENABLE_OBJC_ARC = YES;
				CLANG_ENABLE_OBJC_WEAK = YES;
				CLANG_WARN_BLOCK_CAPTURE_AUTORELEASING = YES;
				CLANG_WARN_BOOL_CONVERSION = YES;
				CLANG_WARN_COMMA = YES;
				CLANG_WARN_CONSTANT_CONVERSION = YES;
				CLANG_WARN_DEPRECATED_OBJC_IMPLEMENTATIONS = YES;
				CLANG_WARN_DIRECT_OBJC_ISA_USAGE = YES_ERROR;
				CLANG_WARN_DOCUMENTATION_COMMENTS = YES;
				CLANG_WARN_EMPTY_BODY = YES;
				CLANG_WARN_ENUM_CONVERSION = YES;
				CLANG_WARN_INFINITE_RECURSION = YES;
				CLANG_WARN_INT_CONVERSION = YES;
				CLANG_WARN_NON_LITERAL_NULL_CONVERSION = YES;
				CLANG_WARN_OBJC_IMPLICIT_RETAIN_SELF = YES;
				CLANG_WARN_OBJC_LITERAL_CONVERSION = YES;
				CLANG_WARN_OBJC_ROOT_CLASS = YES_ERROR;
				CLANG_WARN_RANGE_LOOP_ANALYSIS = YES;
				CLANG_WARN_STRICT_PROTOTYPES = YES;
				CLANG_WARN_SUSPICIOUS_MOVE = YES;
				CLANG_WARN_UNGUARDED_AVAILABILITY = YES_AGGRESSIVE;
				CLANG_WARN_UNREACHABLE_CODE = YES;
				CLANG_WARN__DUPLICATE_METHOD_MATCH = YES;
				CODE_SIGN_IDENTITY = "iPhone Developer";
				COPY_PHASE_STRIP = NO;
				DEBUG_INFORMATION_FORMAT = "dwarf-with-dsym";
				ENABLE_NS_ASSERTIONS = NO;
				ENABLE_STRICT_OBJC_MSGSEND = YES;
				GCC_C_LANGUAGE_STANDARD = gnu11;
				GCC_NO_COMMON_BLOCKS = YES;
				GCC_WARN_64_TO_32_BIT_CONVERSION = YES;
				GCC_WARN_ABOUT_RETURN_TYPE = YES_ERROR;
				GCC_WARN_UNDECLARED_SELECTOR = YES;
				GCC_WARN_UNINITIALIZED_AUTOS = YES_AGGRESSIVE;
				GCC_WARN_UNUSED_FUNCTION = YES;
				GCC_WARN_UNUSED_VARIABLE = YES;
				IPHONEOS_DEPLOYMENT_TARGET = 12.4;
				MTL_ENABLE_DEBUG_INFO = NO;
				MTL_FAST_MATH = YES;
				SDKROOT = iphoneos;
				SWIFT_COMPILATION_MODE = wholemodule;
				SWIFT_OPTIMIZATION_LEVEL = "-O";
				VALIDATE_PRODUCT = YES;
			};
			name = Release;
		};
		6A658B862323812E008A2ADB /* Debug */ = {
			isa = XCBuildConfiguration;
			baseConfigurationReference = 49F10D8C65703168684E3CFF /* Pods-DesignableWithPods.debug.xcconfig */;
			buildSettings = {
				ALWAYS_EMBED_SWIFT_STANDARD_LIBRARIES = YES;
				ASSETCATALOG_COMPILER_APPICON_NAME = AppIcon;
				CODE_SIGN_STYLE = Automatic;
				DEVELOPMENT_TEAM = 4NV8KK5CH4;
				INFOPLIST_FILE = DesignableWithPods/Info.plist;
				LD_RUNPATH_SEARCH_PATHS = (
					"$(inherited)",
					"@executable_path/Frameworks",
				);
				PRODUCT_BUNDLE_IDENTIFIER = "com.mt-hodaka.DesignableWithPods";
				PRODUCT_NAME = "$(TARGET_NAME)";
				SWIFT_VERSION = 5.0;
				TARGETED_DEVICE_FAMILY = "1,2";
			};
			name = Debug;
		};
		6A658B872323812E008A2ADB /* Release */ = {
			isa = XCBuildConfiguration;
			baseConfigurationReference = E995FC072BEF1E9C44FF5831 /* Pods-DesignableWithPods.release.xcconfig */;
			buildSettings = {
				ALWAYS_EMBED_SWIFT_STANDARD_LIBRARIES = YES;
				ASSETCATALOG_COMPILER_APPICON_NAME = AppIcon;
				CODE_SIGN_STYLE = Automatic;
				DEVELOPMENT_TEAM = 4NV8KK5CH4;
				INFOPLIST_FILE = DesignableWithPods/Info.plist;
				LD_RUNPATH_SEARCH_PATHS = (
					"$(inherited)",
					"@executable_path/Frameworks",
				);
				PRODUCT_BUNDLE_IDENTIFIER = "com.mt-hodaka.DesignableWithPods";
				PRODUCT_NAME = "$(TARGET_NAME)";
				SWIFT_VERSION = 5.0;
				TARGETED_DEVICE_FAMILY = "1,2";
			};
			name = Release;
		};
/* End XCBuildConfiguration section */

/* Begin XCConfigurationList section */
		6A59DA742323828A001FFBB7 /* Build configuration list for PBXNativeTarget "UIComponents" */ = {
			isa = XCConfigurationList;
			buildConfigurations = (
				6A59DA722323828A001FFBB7 /* Debug */,
				6A59DA732323828A001FFBB7 /* Release */,
			);
			defaultConfigurationIsVisible = 0;
			defaultConfigurationName = Release;
		};
		6A658B6E2323812C008A2ADB /* Build configuration list for PBXProject "DesignableWithPods" */ = {
			isa = XCConfigurationList;
			buildConfigurations = (
				6A658B832323812E008A2ADB /* Debug */,
				6A658B842323812E008A2ADB /* Release */,
			);
			defaultConfigurationIsVisible = 0;
			defaultConfigurationName = Release;
		};
		6A658B852323812E008A2ADB /* Build configuration list for PBXNativeTarget "DesignableWithPods" */ = {
			isa = XCConfigurationList;
			buildConfigurations = (
				6A658B862323812E008A2ADB /* Debug */,
				6A658B872323812E008A2ADB /* Release */,
			);
			defaultConfigurationIsVisible = 0;
			defaultConfigurationName = Release;
		};
/* End XCConfigurationList section */
	};
	rootObject = 6A658B6B2323812C008A2ADB /* Project object */;
}
